
Microsoft Visual Studio Solution File, Format Version 12.00
# Visual Studio 15
VisualStudioVersion = 15.0.27130.2020
MinimumVisualStudioVersion = 10.0.40219.1
Project("{FAE04EC0-301F-11D3-BF4B-00C04F79EFBC}") = "Triage.Mortician.Analyzers", "Triage.Mortician.Analyzers\Triage.Mortician.Analyzers.csproj", "{0FD5BD27-A0CB-4253-ADD0-1386EF6026BB}"
EndProject
Project("{FAE04EC0-301F-11D3-BF4B-00C04F79EFBC}") = "Triage.Mortician", "Triage.Mortician\Triage.Mortician.csproj", "{8AA350BC-CF5F-4302-92AB-1997357049BA}"
EndProject
Project("{2150E333-8FDC-42A3-9474-1A3956D46DE8}") = "Triage.TestApplications", "Triage.TestApplications", "{2D8CD7F7-734E-4ECE-8DC0-62B6AA25B790}"
EndProject
Project("{FAE04EC0-301F-11D3-BF4B-00C04F79EFBC}") = "Triage.TestApplications.Console", "Triage.TestApplications.Console\Triage.TestApplications.Console.csproj", "{9C21D660-D251-4CB0-A23C-C9039D9B52DF}"
EndProject
Project("{FAE04EC0-301F-11D3-BF4B-00C04F79EFBC}") = "Microsoft.Diagnostics.Runtime", "clrmd\src\Microsoft.Diagnostics.Runtime\Microsoft.Diagnostics.Runtime.csproj", "{A82126CA-23AA-41F1-8586-A5938D44D0A7}"
EndProject
Project("{FAE04EC0-301F-11D3-BF4B-00C04F79EFBC}") = "Triage.Mortician.ExcelAnalyzer", "Triage.Mortician.ExcelAnalyzer\Triage.Mortician.ExcelAnalyzer.csproj", "{BCC4FFC3-94A3-4107-A866-F3302382A8D6}"
EndProject
Project("{FAE04EC0-301F-11D3-BF4B-00C04F79EFBC}") = "Triage.Mortician.WebUiAnalyzer", "Triage.Mortician.WebUiAnalyzer\Triage.Mortician.WebUiAnalyzer.csproj", "{DDCFDAA0-49D9-4B8A-9926-FD1F4DB0BAC4}"
EndProject
Project("{2150E333-8FDC-42A3-9474-1A3956D46DE8}") = "Mortician", "Mortician", "{12D5DDFC-1EA7-44A5-AC53-0759DF4CCD05}"
EndProject
Project("{FAE04EC0-301F-11D3-BF4B-00C04F79EFBC}") = "Triage.Mortician.Test", "Triage.Mortician.Test\Triage.Mortician.Test.csproj", "{E7EE02E5-1C85-423C-8CAB-C19F92A3D0EE}"
EndProject
Project("{FAE04EC0-301F-11D3-BF4B-00C04F79EFBC}") = "Triage.Mortician.Core", "Triage.Mortician.Core\Triage.Mortician.Core.csproj", "{2F433D34-BAC1-4A64-AEC9-46EB112946EA}"
EndProject
Global
	GlobalSection(SolutionConfigurationPlatforms) = preSolution
		Debug|Any CPU = Debug|Any CPU
		Debug|x64 = Debug|x64
		DebugFast|Any CPU = DebugFast|Any CPU
		DebugFast|x64 = DebugFast|x64
		Release|Any CPU = Release|Any CPU
		Release|x64 = Release|x64
	EndGlobalSection
	GlobalSection(ProjectConfigurationPlatforms) = postSolution
		{0FD5BD27-A0CB-4253-ADD0-1386EF6026BB}.Debug|Any CPU.ActiveCfg = Debug|Any CPU
		{0FD5BD27-A0CB-4253-ADD0-1386EF6026BB}.Debug|Any CPU.Build.0 = Debug|Any CPU
		{0FD5BD27-A0CB-4253-ADD0-1386EF6026BB}.Debug|x64.ActiveCfg = Debug|Any CPU
		{0FD5BD27-A0CB-4253-ADD0-1386EF6026BB}.Debug|x64.Build.0 = Debug|Any CPU
		{0FD5BD27-A0CB-4253-ADD0-1386EF6026BB}.DebugFast|Any CPU.ActiveCfg = Debug|Any CPU
		{0FD5BD27-A0CB-4253-ADD0-1386EF6026BB}.DebugFast|Any CPU.Build.0 = Debug|Any CPU
		{0FD5BD27-A0CB-4253-ADD0-1386EF6026BB}.DebugFast|x64.ActiveCfg = Debug|Any CPU
		{0FD5BD27-A0CB-4253-ADD0-1386EF6026BB}.DebugFast|x64.Build.0 = Debug|Any CPU
		{0FD5BD27-A0CB-4253-ADD0-1386EF6026BB}.Release|Any CPU.ActiveCfg = Release|Any CPU
		{0FD5BD27-A0CB-4253-ADD0-1386EF6026BB}.Release|Any CPU.Build.0 = Release|Any CPU
		{0FD5BD27-A0CB-4253-ADD0-1386EF6026BB}.Release|x64.ActiveCfg = Release|Any CPU
		{0FD5BD27-A0CB-4253-ADD0-1386EF6026BB}.Release|x64.Build.0 = Release|Any CPU
		{8AA350BC-CF5F-4302-92AB-1997357049BA}.Debug|Any CPU.ActiveCfg = Debug|Any CPU
		{8AA350BC-CF5F-4302-92AB-1997357049BA}.Debug|Any CPU.Build.0 = Debug|Any CPU
		{8AA350BC-CF5F-4302-92AB-1997357049BA}.Debug|x64.ActiveCfg = Debug|Any CPU
		{8AA350BC-CF5F-4302-92AB-1997357049BA}.Debug|x64.Build.0 = Debug|Any CPU
		{8AA350BC-CF5F-4302-92AB-1997357049BA}.DebugFast|Any CPU.ActiveCfg = DebugFast|Any CPU
		{8AA350BC-CF5F-4302-92AB-1997357049BA}.DebugFast|Any CPU.Build.0 = DebugFast|Any CPU
		{8AA350BC-CF5F-4302-92AB-1997357049BA}.DebugFast|x64.ActiveCfg = DebugFast|Any CPU
		{8AA350BC-CF5F-4302-92AB-1997357049BA}.DebugFast|x64.Build.0 = DebugFast|Any CPU
		{8AA350BC-CF5F-4302-92AB-1997357049BA}.Release|Any CPU.ActiveCfg = Release|Any CPU
		{8AA350BC-CF5F-4302-92AB-1997357049BA}.Release|Any CPU.Build.0 = Release|Any CPU
		{8AA350BC-CF5F-4302-92AB-1997357049BA}.Release|x64.ActiveCfg = Release|Any CPU
		{8AA350BC-CF5F-4302-92AB-1997357049BA}.Release|x64.Build.0 = Release|Any CPU
		{9C21D660-D251-4CB0-A23C-C9039D9B52DF}.Debug|Any CPU.ActiveCfg = Debug|Any CPU
		{9C21D660-D251-4CB0-A23C-C9039D9B52DF}.Debug|Any CPU.Build.0 = Debug|Any CPU
		{9C21D660-D251-4CB0-A23C-C9039D9B52DF}.Debug|x64.ActiveCfg = Debug|Any CPU
		{9C21D660-D251-4CB0-A23C-C9039D9B52DF}.Debug|x64.Build.0 = Debug|Any CPU
		{9C21D660-D251-4CB0-A23C-C9039D9B52DF}.DebugFast|Any CPU.ActiveCfg = Debug|Any CPU
		{9C21D660-D251-4CB0-A23C-C9039D9B52DF}.DebugFast|Any CPU.Build.0 = Debug|Any CPU
		{9C21D660-D251-4CB0-A23C-C9039D9B52DF}.DebugFast|x64.ActiveCfg = Debug|Any CPU
		{9C21D660-D251-4CB0-A23C-C9039D9B52DF}.DebugFast|x64.Build.0 = Debug|Any CPU
		{9C21D660-D251-4CB0-A23C-C9039D9B52DF}.Release|Any CPU.ActiveCfg = Release|Any CPU
		{9C21D660-D251-4CB0-A23C-C9039D9B52DF}.Release|Any CPU.Build.0 = Release|Any CPU
		{9C21D660-D251-4CB0-A23C-C9039D9B52DF}.Release|x64.ActiveCfg = Release|Any CPU
		{9C21D660-D251-4CB0-A23C-C9039D9B52DF}.Release|x64.Build.0 = Release|Any CPU
		{A82126CA-23AA-41F1-8586-A5938D44D0A7}.Debug|Any CPU.ActiveCfg = Debug|Any CPU
		{A82126CA-23AA-41F1-8586-A5938D44D0A7}.Debug|Any CPU.Build.0 = Debug|Any CPU
		{A82126CA-23AA-41F1-8586-A5938D44D0A7}.Debug|x64.ActiveCfg = Debug|Any CPU
		{A82126CA-23AA-41F1-8586-A5938D44D0A7}.Debug|x64.Build.0 = Debug|Any CPU
		{A82126CA-23AA-41F1-8586-A5938D44D0A7}.DebugFast|Any CPU.ActiveCfg = Debug|Any CPU
		{A82126CA-23AA-41F1-8586-A5938D44D0A7}.DebugFast|Any CPU.Build.0 = Debug|Any CPU
		{A82126CA-23AA-41F1-8586-A5938D44D0A7}.DebugFast|x64.ActiveCfg = Debug|Any CPU
		{A82126CA-23AA-41F1-8586-A5938D44D0A7}.DebugFast|x64.Build.0 = Debug|Any CPU
		{A82126CA-23AA-41F1-8586-A5938D44D0A7}.Release|Any CPU.ActiveCfg = Release|Any CPU
		{A82126CA-23AA-41F1-8586-A5938D44D0A7}.Release|Any CPU.Build.0 = Release|Any CPU
		{A82126CA-23AA-41F1-8586-A5938D44D0A7}.Release|x64.ActiveCfg = Release|Any CPU
		{A82126CA-23AA-41F1-8586-A5938D44D0A7}.Release|x64.Build.0 = Release|Any CPU
		{BCC4FFC3-94A3-4107-A866-F3302382A8D6}.Debug|Any CPU.ActiveCfg = Debug|Any CPU
		{BCC4FFC3-94A3-4107-A866-F3302382A8D6}.Debug|Any CPU.Build.0 = Debug|Any CPU
		{BCC4FFC3-94A3-4107-A866-F3302382A8D6}.Debug|x64.ActiveCfg = Debug|Any CPU
		{BCC4FFC3-94A3-4107-A866-F3302382A8D6}.Debug|x64.Build.0 = Debug|Any CPU
		{BCC4FFC3-94A3-4107-A866-F3302382A8D6}.DebugFast|Any CPU.ActiveCfg = Debug|Any CPU
		{BCC4FFC3-94A3-4107-A866-F3302382A8D6}.DebugFast|Any CPU.Build.0 = Debug|Any CPU
		{BCC4FFC3-94A3-4107-A866-F3302382A8D6}.DebugFast|x64.ActiveCfg = Debug|Any CPU
		{BCC4FFC3-94A3-4107-A866-F3302382A8D6}.DebugFast|x64.Build.0 = Debug|Any CPU
		{BCC4FFC3-94A3-4107-A866-F3302382A8D6}.Release|Any CPU.ActiveCfg = Release|Any CPU
		{BCC4FFC3-94A3-4107-A866-F3302382A8D6}.Release|Any CPU.Build.0 = Release|Any CPU
		{BCC4FFC3-94A3-4107-A866-F3302382A8D6}.Release|x64.ActiveCfg = Release|Any CPU
		{BCC4FFC3-94A3-4107-A866-F3302382A8D6}.Release|x64.Build.0 = Release|Any CPU
		{DDCFDAA0-49D9-4B8A-9926-FD1F4DB0BAC4}.Debug|Any CPU.ActiveCfg = Debug|Any CPU
		{DDCFDAA0-49D9-4B8A-9926-FD1F4DB0BAC4}.Debug|Any CPU.Build.0 = Debug|Any CPU
		{DDCFDAA0-49D9-4B8A-9926-FD1F4DB0BAC4}.Debug|x64.ActiveCfg = Debug|Any CPU
		{DDCFDAA0-49D9-4B8A-9926-FD1F4DB0BAC4}.Debug|x64.Build.0 = Debug|Any CPU
		{DDCFDAA0-49D9-4B8A-9926-FD1F4DB0BAC4}.DebugFast|Any CPU.ActiveCfg = Debug|Any CPU
		{DDCFDAA0-49D9-4B8A-9926-FD1F4DB0BAC4}.DebugFast|Any CPU.Build.0 = Debug|Any CPU
		{DDCFDAA0-49D9-4B8A-9926-FD1F4DB0BAC4}.DebugFast|x64.ActiveCfg = Debug|Any CPU
		{DDCFDAA0-49D9-4B8A-9926-FD1F4DB0BAC4}.DebugFast|x64.Build.0 = Debug|Any CPU
		{DDCFDAA0-49D9-4B8A-9926-FD1F4DB0BAC4}.Release|Any CPU.ActiveCfg = Release|Any CPU
		{DDCFDAA0-49D9-4B8A-9926-FD1F4DB0BAC4}.Release|Any CPU.Build.0 = Release|Any CPU
		{DDCFDAA0-49D9-4B8A-9926-FD1F4DB0BAC4}.Release|x64.ActiveCfg = Release|Any CPU
		{DDCFDAA0-49D9-4B8A-9926-FD1F4DB0BAC4}.Release|x64.Build.0 = Release|Any CPU
		{E7EE02E5-1C85-423C-8CAB-C19F92A3D0EE}.Debug|Any CPU.ActiveCfg = Debug|Any CPU
		{E7EE02E5-1C85-423C-8CAB-C19F92A3D0EE}.Debug|Any CPU.Build.0 = Debug|Any CPU
		{E7EE02E5-1C85-423C-8CAB-C19F92A3D0EE}.Debug|x64.ActiveCfg = Debug|Any CPU
		{E7EE02E5-1C85-423C-8CAB-C19F92A3D0EE}.Debug|x64.Build.0 = Debug|Any CPU
		{E7EE02E5-1C85-423C-8CAB-C19F92A3D0EE}.DebugFast|Any CPU.ActiveCfg = Debug|Any CPU
		{E7EE02E5-1C85-423C-8CAB-C19F92A3D0EE}.DebugFast|Any CPU.Build.0 = Debug|Any CPU
		{E7EE02E5-1C85-423C-8CAB-C19F92A3D0EE}.DebugFast|x64.ActiveCfg = Debug|Any CPU
		{E7EE02E5-1C85-423C-8CAB-C19F92A3D0EE}.DebugFast|x64.Build.0 = Debug|Any CPU
		{E7EE02E5-1C85-423C-8CAB-C19F92A3D0EE}.Release|Any CPU.ActiveCfg = Release|Any CPU
		{E7EE02E5-1C85-423C-8CAB-C19F92A3D0EE}.Release|Any CPU.Build.0 = Release|Any CPU
		{E7EE02E5-1C85-423C-8CAB-C19F92A3D0EE}.Release|x64.ActiveCfg = Release|Any CPU
		{E7EE02E5-1C85-423C-8CAB-C19F92A3D0EE}.Release|x64.Build.0 = Release|Any CPU
		{2F433D34-BAC1-4A64-AEC9-46EB112946EA}.Debug|Any CPU.ActiveCfg = Debug|Any CPU
		{2F433D34-BAC1-4A64-AEC9-46EB112946EA}.Debug|Any CPU.Build.0 = Debug|Any CPU
		{2F433D34-BAC1-4A64-AEC9-46EB112946EA}.Debug|x64.ActiveCfg = Debug|Any CPU
		{2F433D34-BAC1-4A64-AEC9-46EB112946EA}.Debug|x64.Build.0 = Debug|Any CPU
		{2F433D34-BAC1-4A64-AEC9-46EB112946EA}.DebugFast|Any CPU.ActiveCfg = Debug|Any CPU
		{2F433D34-BAC1-4A64-AEC9-46EB112946EA}.DebugFast|Any CPU.Build.0 = Debug|Any CPU
		{2F433D34-BAC1-4A64-AEC9-46EB112946EA}.DebugFast|x64.ActiveCfg = Debug|Any CPU
		{2F433D34-BAC1-4A64-AEC9-46EB112946EA}.DebugFast|x64.Build.0 = Debug|Any CPU
		{2F433D34-BAC1-4A64-AEC9-46EB112946EA}.Release|Any CPU.ActiveCfg = Release|Any CPU
		{2F433D34-BAC1-4A64-AEC9-46EB112946EA}.Release|Any CPU.Build.0 = Release|Any CPU
		{2F433D34-BAC1-4A64-AEC9-46EB112946EA}.Release|x64.ActiveCfg = Release|Any CPU
		{2F433D34-BAC1-4A64-AEC9-46EB112946EA}.Release|x64.Build.0 = Release|Any CPU
	EndGlobalSection
	GlobalSection(SolutionProperties) = preSolution
		HideSolutionNode = FALSE
	EndGlobalSection
	GlobalSection(NestedProjects) = preSolution
		{0FD5BD27-A0CB-4253-ADD0-1386EF6026BB} = {12D5DDFC-1EA7-44A5-AC53-0759DF4CCD05}
		{8AA350BC-CF5F-4302-92AB-1997357049BA} = {12D5DDFC-1EA7-44A5-AC53-0759DF4CCD05}
		{9C21D660-D251-4CB0-A23C-C9039D9B52DF} = {2D8CD7F7-734E-4ECE-8DC0-62B6AA25B790}
		{BCC4FFC3-94A3-4107-A866-F3302382A8D6} = {12D5DDFC-1EA7-44A5-AC53-0759DF4CCD05}
		{DDCFDAA0-49D9-4B8A-9926-FD1F4DB0BAC4} = {12D5DDFC-1EA7-44A5-AC53-0759DF4CCD05}
		{E7EE02E5-1C85-423C-8CAB-C19F92A3D0EE} = {12D5DDFC-1EA7-44A5-AC53-0759DF4CCD05}
		{2F433D34-BAC1-4A64-AEC9-46EB112946EA} = {12D5DDFC-1EA7-44A5-AC53-0759DF4CCD05}
	EndGlobalSection
	GlobalSection(ExtensibilityGlobals) = postSolution
		SolutionGuid = {37E57426-47B9-4C9C-838E-5764B743DB5F}
	EndGlobalSection
EndGlobal
