
Microsoft Visual Studio Solution File, Format Version 12.00
# Visual Studio 15
VisualStudioVersion = 15.0.27004.2009
MinimumVisualStudioVersion = 10.0.40219.1
Project("{FAE04EC0-301F-11D3-BF4B-00C04F79EFBC}") = "Triage.Mortician.Analyzers", "Triage.Mortician.Analyzers\Triage.Mortician.Analyzers.csproj", "{0FD5BD27-A0CB-4253-ADD0-1386EF6026BB}"
EndProject
Project("{FAE04EC0-301F-11D3-BF4B-00C04F79EFBC}") = "Triage.Mortician", "Triage.Mortician\Triage.Mortician.csproj", "{8AA350BC-CF5F-4302-92AB-1997357049BA}"
EndProject
Global
	GlobalSection(SolutionConfigurationPlatforms) = preSolution
		Debug|Any CPU = Debug|Any CPU
		Release|Any CPU = Release|Any CPU
	EndGlobalSection
	GlobalSection(ProjectConfigurationPlatforms) = postSolution
		{0FD5BD27-A0CB-4253-ADD0-1386EF6026BB}.Debug|Any CPU.ActiveCfg = Debug|Any CPU
		{0FD5BD27-A0CB-4253-ADD0-1386EF6026BB}.Debug|Any CPU.Build.0 = Debug|Any CPU
		{0FD5BD27-A0CB-4253-ADD0-1386EF6026BB}.Release|Any CPU.ActiveCfg = Release|Any CPU
		{0FD5BD27-A0CB-4253-ADD0-1386EF6026BB}.Release|Any CPU.Build.0 = Release|Any CPU
		{8AA350BC-CF5F-4302-92AB-1997357049BA}.Debug|Any CPU.ActiveCfg = Debug|Any CPU
		{8AA350BC-CF5F-4302-92AB-1997357049BA}.Debug|Any CPU.Build.0 = Debug|Any CPU
		{8AA350BC-CF5F-4302-92AB-1997357049BA}.Release|Any CPU.ActiveCfg = Release|Any CPU
		{8AA350BC-CF5F-4302-92AB-1997357049BA}.Release|Any CPU.Build.0 = Release|Any CPU
	EndGlobalSection
	GlobalSection(SolutionProperties) = preSolution
		HideSolutionNode = FALSE
	EndGlobalSection
	GlobalSection(ExtensibilityGlobals) = postSolution
		SolutionGuid = {37E57426-47B9-4C9C-838E-5764B743DB5F}
	EndGlobalSection
EndGlobal
