
Microsoft Visual Studio Solution File, Format Version 12.00
# Visual Studio 15
VisualStudioVersion = 15.0.27130.2020
MinimumVisualStudioVersion = 10.0.40219.1
Project("{FAE04EC0-301F-11D3-BF4B-00C04F79EFBC}") = "Mortician.Analyzers", "Mortician.Analyzers\Mortician.Analyzers.csproj", "{0FD5BD27-A0CB-4253-ADD0-1386EF6026BB}"
EndProject
Project("{FAE04EC0-301F-11D3-BF4B-00C04F79EFBC}") = "Mortician", "Mortician\Mortician.csproj", "{8AA350BC-CF5F-4302-92AB-1997357049BA}"
EndProject
Project("{2150E333-8FDC-42A3-9474-1A3956D46DE8}") = "Test Applications", "Test Applications", "{2D8CD7F7-734E-4ECE-8DC0-62B6AA25B790}"
EndProject
Project("{FAE04EC0-301F-11D3-BF4B-00C04F79EFBC}") = "TestApplications.Console", "TestApplications.Console\TestApplications.Console.csproj", "{9C21D660-D251-4CB0-A23C-C9039D9B52DF}"
EndProject
Project("{FAE04EC0-301F-11D3-BF4B-00C04F79EFBC}") = "Microsoft.Diagnostics.Runtime", "clrmd\src\Microsoft.Diagnostics.Runtime\Microsoft.Diagnostics.Runtime.csproj", "{A82126CA-23AA-41F1-8586-A5938D44D0A7}"
EndProject
Project("{FAE04EC0-301F-11D3-BF4B-00C04F79EFBC}") = "Mortician.WebUiAnalyzer", "Mortician.WebUiAnalyzer\Mortician.WebUiAnalyzer.csproj", "{DDCFDAA0-49D9-4B8A-9926-FD1F4DB0BAC4}"
EndProject
Project("{2150E333-8FDC-42A3-9474-1A3956D46DE8}") = "Mortician", "Mortician", "{12D5DDFC-1EA7-44A5-AC53-0759DF4CCD05}"
EndProject
Project("{FAE04EC0-301F-11D3-BF4B-00C04F79EFBC}") = "Mortician.Test", "Mortician.Test\Mortician.Test.csproj", "{E7EE02E5-1C85-423C-8CAB-C19F92A3D0EE}"
EndProject
Project("{FAE04EC0-301F-11D3-BF4B-00C04F79EFBC}") = "Mortician.Core", "Mortician.Core\Mortician.Core.csproj", "{2F433D34-BAC1-4A64-AEC9-46EB112946EA}"
EndProject
Project("{2150E333-8FDC-42A3-9474-1A3956D46DE8}") = "Examples", "Examples", "{65611A0C-7B62-4BE0-91F9-C7E6E71A9B34}"
EndProject
Project("{FAE04EC0-301F-11D3-BF4B-00C04F79EFBC}") = "Mortician.ExcelAnalyzer.Test", "Mortician.ExcelAnalyzer.Test\Mortician.ExcelAnalyzer.Test.csproj", "{DD0E14E6-D512-4856-B9CF-4C352B89E88A}"
EndProject
Project("{FAE04EC0-301F-11D3-BF4B-00C04F79EFBC}") = "Mortician.IntegrationTest", "Mortician.IntegrationTest\Mortician.IntegrationTest.csproj", "{13629203-B6C9-490C-8593-404BB8E50B67}"
EndProject
Project("{FAE04EC0-301F-11D3-BF4B-00C04F79EFBC}") = "Mortician.Core.Test", "Mortician.Core.Test\Mortician.Core.Test.csproj", "{2667FD6A-8BB3-4098-BF69-37CD1B3C5E9B}"
EndProject
Project("{FAE04EC0-301F-11D3-BF4B-00C04F79EFBC}") = "TestApplications.WinForms", "TestApplications.WinForms\TestApplications.WinForms.csproj", "{5A3B0CB9-BFB7-4EFA-99FB-4C9613218A47}"
EndProject
Project("{2150E333-8FDC-42A3-9474-1A3956D46DE8}") = "Tests", "Tests", "{B6A96491-5477-4A11-A982-F94C39315EE9}"
EndProject
Project("{2150E333-8FDC-42A3-9474-1A3956D46DE8}") = "Tests", "Tests", "{861CDEE1-261C-409A-8FFC-4EDA5A224561}"
EndProject
Project("{FAE04EC0-301F-11D3-BF4B-00C04F79EFBC}") = "Testing.Common", "Testing.Common\Testing.Common.csproj", "{B89A3DC9-84B7-420A-B5F2-E622F4261906}"
EndProject
Project("{FAE04EC0-301F-11D3-BF4B-00C04F79EFBC}") = "Mortician.Analyzers.Test", "Mortician.Analyzers.Test\Mortician.Analyzers.Test.csproj", "{E0EF2732-A144-4686-8477-2CC74EC8A8EB}"
EndProject
Global
	GlobalSection(SolutionConfigurationPlatforms) = preSolution
		Debug|Any CPU = Debug|Any CPU
		Debug|x64 = Debug|x64
		Debug|x86 = Debug|x86
		DebugFast|Any CPU = DebugFast|Any CPU
		DebugFast|x64 = DebugFast|x64
		DebugFast|x86 = DebugFast|x86
		Release|Any CPU = Release|Any CPU
		Release|x64 = Release|x64
		Release|x86 = Release|x86
	EndGlobalSection
	GlobalSection(ProjectConfigurationPlatforms) = postSolution
		{0FD5BD27-A0CB-4253-ADD0-1386EF6026BB}.Debug|Any CPU.ActiveCfg = Debug|Any CPU
		{0FD5BD27-A0CB-4253-ADD0-1386EF6026BB}.Debug|Any CPU.Build.0 = Debug|Any CPU
		{0FD5BD27-A0CB-4253-ADD0-1386EF6026BB}.Debug|x64.ActiveCfg = Debug|x64
		{0FD5BD27-A0CB-4253-ADD0-1386EF6026BB}.Debug|x64.Build.0 = Debug|x64
		{0FD5BD27-A0CB-4253-ADD0-1386EF6026BB}.Debug|x86.ActiveCfg = Debug|x86
		{0FD5BD27-A0CB-4253-ADD0-1386EF6026BB}.Debug|x86.Build.0 = Debug|x86
		{0FD5BD27-A0CB-4253-ADD0-1386EF6026BB}.DebugFast|Any CPU.ActiveCfg = Debug|Any CPU
		{0FD5BD27-A0CB-4253-ADD0-1386EF6026BB}.DebugFast|Any CPU.Build.0 = Debug|Any CPU
		{0FD5BD27-A0CB-4253-ADD0-1386EF6026BB}.DebugFast|x64.ActiveCfg = Debug|Any CPU
		{0FD5BD27-A0CB-4253-ADD0-1386EF6026BB}.DebugFast|x64.Build.0 = Debug|Any CPU
		{0FD5BD27-A0CB-4253-ADD0-1386EF6026BB}.DebugFast|x86.ActiveCfg = Debug|x86
		{0FD5BD27-A0CB-4253-ADD0-1386EF6026BB}.DebugFast|x86.Build.0 = Debug|x86
		{0FD5BD27-A0CB-4253-ADD0-1386EF6026BB}.Release|Any CPU.ActiveCfg = Release|Any CPU
		{0FD5BD27-A0CB-4253-ADD0-1386EF6026BB}.Release|Any CPU.Build.0 = Release|Any CPU
		{0FD5BD27-A0CB-4253-ADD0-1386EF6026BB}.Release|x64.ActiveCfg = Release|Any CPU
		{0FD5BD27-A0CB-4253-ADD0-1386EF6026BB}.Release|x64.Build.0 = Release|Any CPU
		{0FD5BD27-A0CB-4253-ADD0-1386EF6026BB}.Release|x86.ActiveCfg = Release|x86
		{0FD5BD27-A0CB-4253-ADD0-1386EF6026BB}.Release|x86.Build.0 = Release|x86
		{8AA350BC-CF5F-4302-92AB-1997357049BA}.Debug|Any CPU.ActiveCfg = Debug|Any CPU
		{8AA350BC-CF5F-4302-92AB-1997357049BA}.Debug|Any CPU.Build.0 = Debug|Any CPU
		{8AA350BC-CF5F-4302-92AB-1997357049BA}.Debug|x64.ActiveCfg = Debug|x64
		{8AA350BC-CF5F-4302-92AB-1997357049BA}.Debug|x64.Build.0 = Debug|x64
		{8AA350BC-CF5F-4302-92AB-1997357049BA}.Debug|x86.ActiveCfg = Debug|x86
		{8AA350BC-CF5F-4302-92AB-1997357049BA}.Debug|x86.Build.0 = Debug|x86
		{8AA350BC-CF5F-4302-92AB-1997357049BA}.DebugFast|Any CPU.ActiveCfg = DebugFast|Any CPU
		{8AA350BC-CF5F-4302-92AB-1997357049BA}.DebugFast|Any CPU.Build.0 = DebugFast|Any CPU
		{8AA350BC-CF5F-4302-92AB-1997357049BA}.DebugFast|x64.ActiveCfg = DebugFast|Any CPU
		{8AA350BC-CF5F-4302-92AB-1997357049BA}.DebugFast|x64.Build.0 = DebugFast|Any CPU
		{8AA350BC-CF5F-4302-92AB-1997357049BA}.DebugFast|x86.ActiveCfg = DebugFast|x86
		{8AA350BC-CF5F-4302-92AB-1997357049BA}.DebugFast|x86.Build.0 = DebugFast|x86
		{8AA350BC-CF5F-4302-92AB-1997357049BA}.Release|Any CPU.ActiveCfg = Release|Any CPU
		{8AA350BC-CF5F-4302-92AB-1997357049BA}.Release|Any CPU.Build.0 = Release|Any CPU
		{8AA350BC-CF5F-4302-92AB-1997357049BA}.Release|x64.ActiveCfg = Release|Any CPU
		{8AA350BC-CF5F-4302-92AB-1997357049BA}.Release|x64.Build.0 = Release|Any CPU
		{8AA350BC-CF5F-4302-92AB-1997357049BA}.Release|x86.ActiveCfg = Release|x86
		{8AA350BC-CF5F-4302-92AB-1997357049BA}.Release|x86.Build.0 = Release|x86
		{9C21D660-D251-4CB0-A23C-C9039D9B52DF}.Debug|Any CPU.ActiveCfg = Debug|Any CPU
		{9C21D660-D251-4CB0-A23C-C9039D9B52DF}.Debug|Any CPU.Build.0 = Debug|Any CPU
		{9C21D660-D251-4CB0-A23C-C9039D9B52DF}.Debug|x64.ActiveCfg = Debug|x64
		{9C21D660-D251-4CB0-A23C-C9039D9B52DF}.Debug|x64.Build.0 = Debug|x64
		{9C21D660-D251-4CB0-A23C-C9039D9B52DF}.Debug|x86.ActiveCfg = Debug|x86
		{9C21D660-D251-4CB0-A23C-C9039D9B52DF}.Debug|x86.Build.0 = Debug|x86
		{9C21D660-D251-4CB0-A23C-C9039D9B52DF}.DebugFast|Any CPU.ActiveCfg = Debug|Any CPU
		{9C21D660-D251-4CB0-A23C-C9039D9B52DF}.DebugFast|Any CPU.Build.0 = Debug|Any CPU
		{9C21D660-D251-4CB0-A23C-C9039D9B52DF}.DebugFast|x64.ActiveCfg = Debug|Any CPU
		{9C21D660-D251-4CB0-A23C-C9039D9B52DF}.DebugFast|x64.Build.0 = Debug|Any CPU
		{9C21D660-D251-4CB0-A23C-C9039D9B52DF}.DebugFast|x86.ActiveCfg = Debug|x86
		{9C21D660-D251-4CB0-A23C-C9039D9B52DF}.DebugFast|x86.Build.0 = Debug|x86
		{9C21D660-D251-4CB0-A23C-C9039D9B52DF}.Release|Any CPU.ActiveCfg = Release|Any CPU
		{9C21D660-D251-4CB0-A23C-C9039D9B52DF}.Release|Any CPU.Build.0 = Release|Any CPU
		{9C21D660-D251-4CB0-A23C-C9039D9B52DF}.Release|x64.ActiveCfg = Release|Any CPU
		{9C21D660-D251-4CB0-A23C-C9039D9B52DF}.Release|x64.Build.0 = Release|Any CPU
		{9C21D660-D251-4CB0-A23C-C9039D9B52DF}.Release|x86.ActiveCfg = Release|x86
		{9C21D660-D251-4CB0-A23C-C9039D9B52DF}.Release|x86.Build.0 = Release|x86
		{A82126CA-23AA-41F1-8586-A5938D44D0A7}.Debug|Any CPU.ActiveCfg = Debug|Any CPU
		{A82126CA-23AA-41F1-8586-A5938D44D0A7}.Debug|Any CPU.Build.0 = Debug|Any CPU
		{A82126CA-23AA-41F1-8586-A5938D44D0A7}.Debug|x64.ActiveCfg = Debug|Any CPU
		{A82126CA-23AA-41F1-8586-A5938D44D0A7}.Debug|x64.Build.0 = Debug|Any CPU
		{A82126CA-23AA-41F1-8586-A5938D44D0A7}.Debug|x86.ActiveCfg = Debug|Any CPU
		{A82126CA-23AA-41F1-8586-A5938D44D0A7}.Debug|x86.Build.0 = Debug|Any CPU
		{A82126CA-23AA-41F1-8586-A5938D44D0A7}.DebugFast|Any CPU.ActiveCfg = Debug|Any CPU
		{A82126CA-23AA-41F1-8586-A5938D44D0A7}.DebugFast|Any CPU.Build.0 = Debug|Any CPU
		{A82126CA-23AA-41F1-8586-A5938D44D0A7}.DebugFast|x64.ActiveCfg = Debug|Any CPU
		{A82126CA-23AA-41F1-8586-A5938D44D0A7}.DebugFast|x64.Build.0 = Debug|Any CPU
		{A82126CA-23AA-41F1-8586-A5938D44D0A7}.DebugFast|x86.ActiveCfg = Debug|Any CPU
		{A82126CA-23AA-41F1-8586-A5938D44D0A7}.DebugFast|x86.Build.0 = Debug|Any CPU
		{A82126CA-23AA-41F1-8586-A5938D44D0A7}.Release|Any CPU.ActiveCfg = Release|Any CPU
		{A82126CA-23AA-41F1-8586-A5938D44D0A7}.Release|Any CPU.Build.0 = Release|Any CPU
		{A82126CA-23AA-41F1-8586-A5938D44D0A7}.Release|x64.ActiveCfg = Release|Any CPU
		{A82126CA-23AA-41F1-8586-A5938D44D0A7}.Release|x64.Build.0 = Release|Any CPU
		{A82126CA-23AA-41F1-8586-A5938D44D0A7}.Release|x86.ActiveCfg = Release|Any CPU
		{A82126CA-23AA-41F1-8586-A5938D44D0A7}.Release|x86.Build.0 = Release|Any CPU
		{DDCFDAA0-49D9-4B8A-9926-FD1F4DB0BAC4}.Debug|Any CPU.ActiveCfg = Debug|Any CPU
		{DDCFDAA0-49D9-4B8A-9926-FD1F4DB0BAC4}.Debug|Any CPU.Build.0 = Debug|Any CPU
		{DDCFDAA0-49D9-4B8A-9926-FD1F4DB0BAC4}.Debug|x64.ActiveCfg = Debug|x64
		{DDCFDAA0-49D9-4B8A-9926-FD1F4DB0BAC4}.Debug|x64.Build.0 = Debug|x64
		{DDCFDAA0-49D9-4B8A-9926-FD1F4DB0BAC4}.Debug|x86.ActiveCfg = Debug|x86
		{DDCFDAA0-49D9-4B8A-9926-FD1F4DB0BAC4}.Debug|x86.Build.0 = Debug|x86
		{DDCFDAA0-49D9-4B8A-9926-FD1F4DB0BAC4}.DebugFast|Any CPU.ActiveCfg = Debug|Any CPU
		{DDCFDAA0-49D9-4B8A-9926-FD1F4DB0BAC4}.DebugFast|Any CPU.Build.0 = Debug|Any CPU
		{DDCFDAA0-49D9-4B8A-9926-FD1F4DB0BAC4}.DebugFast|x64.ActiveCfg = Debug|Any CPU
		{DDCFDAA0-49D9-4B8A-9926-FD1F4DB0BAC4}.DebugFast|x64.Build.0 = Debug|Any CPU
		{DDCFDAA0-49D9-4B8A-9926-FD1F4DB0BAC4}.DebugFast|x86.ActiveCfg = Debug|x86
		{DDCFDAA0-49D9-4B8A-9926-FD1F4DB0BAC4}.DebugFast|x86.Build.0 = Debug|x86
		{DDCFDAA0-49D9-4B8A-9926-FD1F4DB0BAC4}.Release|Any CPU.ActiveCfg = Release|Any CPU
		{DDCFDAA0-49D9-4B8A-9926-FD1F4DB0BAC4}.Release|Any CPU.Build.0 = Release|Any CPU
		{DDCFDAA0-49D9-4B8A-9926-FD1F4DB0BAC4}.Release|x64.ActiveCfg = Release|Any CPU
		{DDCFDAA0-49D9-4B8A-9926-FD1F4DB0BAC4}.Release|x64.Build.0 = Release|Any CPU
		{DDCFDAA0-49D9-4B8A-9926-FD1F4DB0BAC4}.Release|x86.ActiveCfg = Release|x86
		{DDCFDAA0-49D9-4B8A-9926-FD1F4DB0BAC4}.Release|x86.Build.0 = Release|x86
		{E7EE02E5-1C85-423C-8CAB-C19F92A3D0EE}.Debug|Any CPU.ActiveCfg = Debug|Any CPU
		{E7EE02E5-1C85-423C-8CAB-C19F92A3D0EE}.Debug|Any CPU.Build.0 = Debug|Any CPU
		{E7EE02E5-1C85-423C-8CAB-C19F92A3D0EE}.Debug|x64.ActiveCfg = Debug|x64
		{E7EE02E5-1C85-423C-8CAB-C19F92A3D0EE}.Debug|x64.Build.0 = Debug|x64
		{E7EE02E5-1C85-423C-8CAB-C19F92A3D0EE}.Debug|x86.ActiveCfg = Debug|x86
		{E7EE02E5-1C85-423C-8CAB-C19F92A3D0EE}.Debug|x86.Build.0 = Debug|x86
		{E7EE02E5-1C85-423C-8CAB-C19F92A3D0EE}.DebugFast|Any CPU.ActiveCfg = Debug|Any CPU
		{E7EE02E5-1C85-423C-8CAB-C19F92A3D0EE}.DebugFast|Any CPU.Build.0 = Debug|Any CPU
		{E7EE02E5-1C85-423C-8CAB-C19F92A3D0EE}.DebugFast|x64.ActiveCfg = Debug|Any CPU
		{E7EE02E5-1C85-423C-8CAB-C19F92A3D0EE}.DebugFast|x64.Build.0 = Debug|Any CPU
		{E7EE02E5-1C85-423C-8CAB-C19F92A3D0EE}.DebugFast|x86.ActiveCfg = Debug|x86
		{E7EE02E5-1C85-423C-8CAB-C19F92A3D0EE}.DebugFast|x86.Build.0 = Debug|x86
		{E7EE02E5-1C85-423C-8CAB-C19F92A3D0EE}.Release|Any CPU.ActiveCfg = Release|Any CPU
		{E7EE02E5-1C85-423C-8CAB-C19F92A3D0EE}.Release|Any CPU.Build.0 = Release|Any CPU
		{E7EE02E5-1C85-423C-8CAB-C19F92A3D0EE}.Release|x64.ActiveCfg = Release|Any CPU
		{E7EE02E5-1C85-423C-8CAB-C19F92A3D0EE}.Release|x64.Build.0 = Release|Any CPU
		{E7EE02E5-1C85-423C-8CAB-C19F92A3D0EE}.Release|x86.ActiveCfg = Release|x86
		{E7EE02E5-1C85-423C-8CAB-C19F92A3D0EE}.Release|x86.Build.0 = Release|x86
		{2F433D34-BAC1-4A64-AEC9-46EB112946EA}.Debug|Any CPU.ActiveCfg = Debug|Any CPU
		{2F433D34-BAC1-4A64-AEC9-46EB112946EA}.Debug|Any CPU.Build.0 = Debug|Any CPU
		{2F433D34-BAC1-4A64-AEC9-46EB112946EA}.Debug|x64.ActiveCfg = Debug|x64
		{2F433D34-BAC1-4A64-AEC9-46EB112946EA}.Debug|x64.Build.0 = Debug|x64
		{2F433D34-BAC1-4A64-AEC9-46EB112946EA}.Debug|x86.ActiveCfg = Debug|x86
		{2F433D34-BAC1-4A64-AEC9-46EB112946EA}.Debug|x86.Build.0 = Debug|x86
		{2F433D34-BAC1-4A64-AEC9-46EB112946EA}.DebugFast|Any CPU.ActiveCfg = Debug|Any CPU
		{2F433D34-BAC1-4A64-AEC9-46EB112946EA}.DebugFast|Any CPU.Build.0 = Debug|Any CPU
		{2F433D34-BAC1-4A64-AEC9-46EB112946EA}.DebugFast|x64.ActiveCfg = Debug|Any CPU
		{2F433D34-BAC1-4A64-AEC9-46EB112946EA}.DebugFast|x64.Build.0 = Debug|Any CPU
		{2F433D34-BAC1-4A64-AEC9-46EB112946EA}.DebugFast|x86.ActiveCfg = Debug|x86
		{2F433D34-BAC1-4A64-AEC9-46EB112946EA}.DebugFast|x86.Build.0 = Debug|x86
		{2F433D34-BAC1-4A64-AEC9-46EB112946EA}.Release|Any CPU.ActiveCfg = Release|Any CPU
		{2F433D34-BAC1-4A64-AEC9-46EB112946EA}.Release|Any CPU.Build.0 = Release|Any CPU
		{2F433D34-BAC1-4A64-AEC9-46EB112946EA}.Release|x64.ActiveCfg = Release|Any CPU
		{2F433D34-BAC1-4A64-AEC9-46EB112946EA}.Release|x64.Build.0 = Release|Any CPU
		{2F433D34-BAC1-4A64-AEC9-46EB112946EA}.Release|x86.ActiveCfg = Release|x86
		{2F433D34-BAC1-4A64-AEC9-46EB112946EA}.Release|x86.Build.0 = Release|x86
		{DD0E14E6-D512-4856-B9CF-4C352B89E88A}.Debug|Any CPU.ActiveCfg = Debug|Any CPU
		{DD0E14E6-D512-4856-B9CF-4C352B89E88A}.Debug|Any CPU.Build.0 = Debug|Any CPU
		{DD0E14E6-D512-4856-B9CF-4C352B89E88A}.Debug|x64.ActiveCfg = Debug|x64
		{DD0E14E6-D512-4856-B9CF-4C352B89E88A}.Debug|x64.Build.0 = Debug|x64
		{DD0E14E6-D512-4856-B9CF-4C352B89E88A}.Debug|x86.ActiveCfg = Debug|x86
		{DD0E14E6-D512-4856-B9CF-4C352B89E88A}.Debug|x86.Build.0 = Debug|x86
		{DD0E14E6-D512-4856-B9CF-4C352B89E88A}.DebugFast|Any CPU.ActiveCfg = Debug|Any CPU
		{DD0E14E6-D512-4856-B9CF-4C352B89E88A}.DebugFast|Any CPU.Build.0 = Debug|Any CPU
		{DD0E14E6-D512-4856-B9CF-4C352B89E88A}.DebugFast|x64.ActiveCfg = Debug|Any CPU
		{DD0E14E6-D512-4856-B9CF-4C352B89E88A}.DebugFast|x64.Build.0 = Debug|Any CPU
		{DD0E14E6-D512-4856-B9CF-4C352B89E88A}.DebugFast|x86.ActiveCfg = Debug|x86
		{DD0E14E6-D512-4856-B9CF-4C352B89E88A}.DebugFast|x86.Build.0 = Debug|x86
		{DD0E14E6-D512-4856-B9CF-4C352B89E88A}.Release|Any CPU.ActiveCfg = Release|Any CPU
		{DD0E14E6-D512-4856-B9CF-4C352B89E88A}.Release|Any CPU.Build.0 = Release|Any CPU
		{DD0E14E6-D512-4856-B9CF-4C352B89E88A}.Release|x64.ActiveCfg = Release|Any CPU
		{DD0E14E6-D512-4856-B9CF-4C352B89E88A}.Release|x64.Build.0 = Release|Any CPU
		{DD0E14E6-D512-4856-B9CF-4C352B89E88A}.Release|x86.ActiveCfg = Release|x86
		{DD0E14E6-D512-4856-B9CF-4C352B89E88A}.Release|x86.Build.0 = Release|x86
		{13629203-B6C9-490C-8593-404BB8E50B67}.Debug|Any CPU.ActiveCfg = Debug|Any CPU
		{13629203-B6C9-490C-8593-404BB8E50B67}.Debug|Any CPU.Build.0 = Debug|Any CPU
		{13629203-B6C9-490C-8593-404BB8E50B67}.Debug|x64.ActiveCfg = Debug|x64
		{13629203-B6C9-490C-8593-404BB8E50B67}.Debug|x64.Build.0 = Debug|x64
		{13629203-B6C9-490C-8593-404BB8E50B67}.Debug|x86.ActiveCfg = Debug|x86
		{13629203-B6C9-490C-8593-404BB8E50B67}.Debug|x86.Build.0 = Debug|x86
		{13629203-B6C9-490C-8593-404BB8E50B67}.DebugFast|Any CPU.ActiveCfg = Debug|Any CPU
		{13629203-B6C9-490C-8593-404BB8E50B67}.DebugFast|Any CPU.Build.0 = Debug|Any CPU
		{13629203-B6C9-490C-8593-404BB8E50B67}.DebugFast|x64.ActiveCfg = Debug|Any CPU
		{13629203-B6C9-490C-8593-404BB8E50B67}.DebugFast|x64.Build.0 = Debug|Any CPU
		{13629203-B6C9-490C-8593-404BB8E50B67}.DebugFast|x86.ActiveCfg = Debug|Any CPU
		{13629203-B6C9-490C-8593-404BB8E50B67}.DebugFast|x86.Build.0 = Debug|Any CPU
		{13629203-B6C9-490C-8593-404BB8E50B67}.Release|Any CPU.ActiveCfg = Release|Any CPU
		{13629203-B6C9-490C-8593-404BB8E50B67}.Release|Any CPU.Build.0 = Release|Any CPU
		{13629203-B6C9-490C-8593-404BB8E50B67}.Release|x64.ActiveCfg = Release|Any CPU
		{13629203-B6C9-490C-8593-404BB8E50B67}.Release|x64.Build.0 = Release|Any CPU
		{13629203-B6C9-490C-8593-404BB8E50B67}.Release|x86.ActiveCfg = Release|Any CPU
		{13629203-B6C9-490C-8593-404BB8E50B67}.Release|x86.Build.0 = Release|Any CPU
		{2667FD6A-8BB3-4098-BF69-37CD1B3C5E9B}.Debug|Any CPU.ActiveCfg = Debug|Any CPU
		{2667FD6A-8BB3-4098-BF69-37CD1B3C5E9B}.Debug|Any CPU.Build.0 = Debug|Any CPU
		{2667FD6A-8BB3-4098-BF69-37CD1B3C5E9B}.Debug|x64.ActiveCfg = Debug|x64
		{2667FD6A-8BB3-4098-BF69-37CD1B3C5E9B}.Debug|x64.Build.0 = Debug|x64
		{2667FD6A-8BB3-4098-BF69-37CD1B3C5E9B}.Debug|x86.ActiveCfg = Debug|x86
		{2667FD6A-8BB3-4098-BF69-37CD1B3C5E9B}.Debug|x86.Build.0 = Debug|x86
		{2667FD6A-8BB3-4098-BF69-37CD1B3C5E9B}.DebugFast|Any CPU.ActiveCfg = Debug|Any CPU
		{2667FD6A-8BB3-4098-BF69-37CD1B3C5E9B}.DebugFast|Any CPU.Build.0 = Debug|Any CPU
		{2667FD6A-8BB3-4098-BF69-37CD1B3C5E9B}.DebugFast|x64.ActiveCfg = Debug|Any CPU
		{2667FD6A-8BB3-4098-BF69-37CD1B3C5E9B}.DebugFast|x64.Build.0 = Debug|Any CPU
		{2667FD6A-8BB3-4098-BF69-37CD1B3C5E9B}.DebugFast|x86.ActiveCfg = Debug|Any CPU
		{2667FD6A-8BB3-4098-BF69-37CD1B3C5E9B}.DebugFast|x86.Build.0 = Debug|Any CPU
		{2667FD6A-8BB3-4098-BF69-37CD1B3C5E9B}.Release|Any CPU.ActiveCfg = Release|Any CPU
		{2667FD6A-8BB3-4098-BF69-37CD1B3C5E9B}.Release|Any CPU.Build.0 = Release|Any CPU
		{2667FD6A-8BB3-4098-BF69-37CD1B3C5E9B}.Release|x64.ActiveCfg = Release|Any CPU
		{2667FD6A-8BB3-4098-BF69-37CD1B3C5E9B}.Release|x64.Build.0 = Release|Any CPU
		{2667FD6A-8BB3-4098-BF69-37CD1B3C5E9B}.Release|x86.ActiveCfg = Release|Any CPU
		{2667FD6A-8BB3-4098-BF69-37CD1B3C5E9B}.Release|x86.Build.0 = Release|Any CPU
		{5A3B0CB9-BFB7-4EFA-99FB-4C9613218A47}.Debug|Any CPU.ActiveCfg = Debug|Any CPU
		{5A3B0CB9-BFB7-4EFA-99FB-4C9613218A47}.Debug|Any CPU.Build.0 = Debug|Any CPU
		{5A3B0CB9-BFB7-4EFA-99FB-4C9613218A47}.Debug|x64.ActiveCfg = Debug|x64
		{5A3B0CB9-BFB7-4EFA-99FB-4C9613218A47}.Debug|x64.Build.0 = Debug|x64
		{5A3B0CB9-BFB7-4EFA-99FB-4C9613218A47}.Debug|x86.ActiveCfg = Debug|x86
		{5A3B0CB9-BFB7-4EFA-99FB-4C9613218A47}.Debug|x86.Build.0 = Debug|x86
		{5A3B0CB9-BFB7-4EFA-99FB-4C9613218A47}.DebugFast|Any CPU.ActiveCfg = Debug|Any CPU
		{5A3B0CB9-BFB7-4EFA-99FB-4C9613218A47}.DebugFast|Any CPU.Build.0 = Debug|Any CPU
		{5A3B0CB9-BFB7-4EFA-99FB-4C9613218A47}.DebugFast|x64.ActiveCfg = Debug|Any CPU
		{5A3B0CB9-BFB7-4EFA-99FB-4C9613218A47}.DebugFast|x64.Build.0 = Debug|Any CPU
		{5A3B0CB9-BFB7-4EFA-99FB-4C9613218A47}.DebugFast|x86.ActiveCfg = Debug|Any CPU
		{5A3B0CB9-BFB7-4EFA-99FB-4C9613218A47}.DebugFast|x86.Build.0 = Debug|Any CPU
		{5A3B0CB9-BFB7-4EFA-99FB-4C9613218A47}.Release|Any CPU.ActiveCfg = Release|Any CPU
		{5A3B0CB9-BFB7-4EFA-99FB-4C9613218A47}.Release|Any CPU.Build.0 = Release|Any CPU
		{5A3B0CB9-BFB7-4EFA-99FB-4C9613218A47}.Release|x64.ActiveCfg = Release|Any CPU
		{5A3B0CB9-BFB7-4EFA-99FB-4C9613218A47}.Release|x64.Build.0 = Release|Any CPU
		{5A3B0CB9-BFB7-4EFA-99FB-4C9613218A47}.Release|x86.ActiveCfg = Release|Any CPU
		{5A3B0CB9-BFB7-4EFA-99FB-4C9613218A47}.Release|x86.Build.0 = Release|Any CPU
		{B89A3DC9-84B7-420A-B5F2-E622F4261906}.Debug|Any CPU.ActiveCfg = Debug|Any CPU
		{B89A3DC9-84B7-420A-B5F2-E622F4261906}.Debug|Any CPU.Build.0 = Debug|Any CPU
		{B89A3DC9-84B7-420A-B5F2-E622F4261906}.Debug|x64.ActiveCfg = Debug|Any CPU
		{B89A3DC9-84B7-420A-B5F2-E622F4261906}.Debug|x64.Build.0 = Debug|Any CPU
		{B89A3DC9-84B7-420A-B5F2-E622F4261906}.Debug|x86.ActiveCfg = Debug|Any CPU
		{B89A3DC9-84B7-420A-B5F2-E622F4261906}.Debug|x86.Build.0 = Debug|Any CPU
		{B89A3DC9-84B7-420A-B5F2-E622F4261906}.DebugFast|Any CPU.ActiveCfg = Debug|Any CPU
		{B89A3DC9-84B7-420A-B5F2-E622F4261906}.DebugFast|Any CPU.Build.0 = Debug|Any CPU
		{B89A3DC9-84B7-420A-B5F2-E622F4261906}.DebugFast|x64.ActiveCfg = Debug|Any CPU
		{B89A3DC9-84B7-420A-B5F2-E622F4261906}.DebugFast|x64.Build.0 = Debug|Any CPU
		{B89A3DC9-84B7-420A-B5F2-E622F4261906}.DebugFast|x86.ActiveCfg = Debug|Any CPU
		{B89A3DC9-84B7-420A-B5F2-E622F4261906}.DebugFast|x86.Build.0 = Debug|Any CPU
		{B89A3DC9-84B7-420A-B5F2-E622F4261906}.Release|Any CPU.ActiveCfg = Release|Any CPU
		{B89A3DC9-84B7-420A-B5F2-E622F4261906}.Release|Any CPU.Build.0 = Release|Any CPU
		{B89A3DC9-84B7-420A-B5F2-E622F4261906}.Release|x64.ActiveCfg = Release|Any CPU
		{B89A3DC9-84B7-420A-B5F2-E622F4261906}.Release|x64.Build.0 = Release|Any CPU
		{B89A3DC9-84B7-420A-B5F2-E622F4261906}.Release|x86.ActiveCfg = Release|Any CPU
		{B89A3DC9-84B7-420A-B5F2-E622F4261906}.Release|x86.Build.0 = Release|Any CPU
		{E0EF2732-A144-4686-8477-2CC74EC8A8EB}.Debug|Any CPU.ActiveCfg = Debug|Any CPU
		{E0EF2732-A144-4686-8477-2CC74EC8A8EB}.Debug|Any CPU.Build.0 = Debug|Any CPU
		{E0EF2732-A144-4686-8477-2CC74EC8A8EB}.Debug|x64.ActiveCfg = Debug|Any CPU
		{E0EF2732-A144-4686-8477-2CC74EC8A8EB}.Debug|x64.Build.0 = Debug|Any CPU
		{E0EF2732-A144-4686-8477-2CC74EC8A8EB}.Debug|x86.ActiveCfg = Debug|Any CPU
		{E0EF2732-A144-4686-8477-2CC74EC8A8EB}.Debug|x86.Build.0 = Debug|Any CPU
		{E0EF2732-A144-4686-8477-2CC74EC8A8EB}.DebugFast|Any CPU.ActiveCfg = Debug|Any CPU
		{E0EF2732-A144-4686-8477-2CC74EC8A8EB}.DebugFast|Any CPU.Build.0 = Debug|Any CPU
		{E0EF2732-A144-4686-8477-2CC74EC8A8EB}.DebugFast|x64.ActiveCfg = Debug|Any CPU
		{E0EF2732-A144-4686-8477-2CC74EC8A8EB}.DebugFast|x64.Build.0 = Debug|Any CPU
		{E0EF2732-A144-4686-8477-2CC74EC8A8EB}.DebugFast|x86.ActiveCfg = Debug|Any CPU
		{E0EF2732-A144-4686-8477-2CC74EC8A8EB}.DebugFast|x86.Build.0 = Debug|Any CPU
		{E0EF2732-A144-4686-8477-2CC74EC8A8EB}.Release|Any CPU.ActiveCfg = Release|Any CPU
		{E0EF2732-A144-4686-8477-2CC74EC8A8EB}.Release|Any CPU.Build.0 = Release|Any CPU
		{E0EF2732-A144-4686-8477-2CC74EC8A8EB}.Release|x64.ActiveCfg = Release|Any CPU
		{E0EF2732-A144-4686-8477-2CC74EC8A8EB}.Release|x64.Build.0 = Release|Any CPU
		{E0EF2732-A144-4686-8477-2CC74EC8A8EB}.Release|x86.ActiveCfg = Release|Any CPU
		{E0EF2732-A144-4686-8477-2CC74EC8A8EB}.Release|x86.Build.0 = Release|Any CPU
	EndGlobalSection
	GlobalSection(SolutionProperties) = preSolution
		HideSolutionNode = FALSE
	EndGlobalSection
	GlobalSection(NestedProjects) = preSolution
		{0FD5BD27-A0CB-4253-ADD0-1386EF6026BB} = {12D5DDFC-1EA7-44A5-AC53-0759DF4CCD05}
		{8AA350BC-CF5F-4302-92AB-1997357049BA} = {12D5DDFC-1EA7-44A5-AC53-0759DF4CCD05}
		{9C21D660-D251-4CB0-A23C-C9039D9B52DF} = {2D8CD7F7-734E-4ECE-8DC0-62B6AA25B790}
		{DDCFDAA0-49D9-4B8A-9926-FD1F4DB0BAC4} = {65611A0C-7B62-4BE0-91F9-C7E6E71A9B34}
		{E7EE02E5-1C85-423C-8CAB-C19F92A3D0EE} = {B6A96491-5477-4A11-A982-F94C39315EE9}
		{2F433D34-BAC1-4A64-AEC9-46EB112946EA} = {12D5DDFC-1EA7-44A5-AC53-0759DF4CCD05}
		{65611A0C-7B62-4BE0-91F9-C7E6E71A9B34} = {12D5DDFC-1EA7-44A5-AC53-0759DF4CCD05}
		{DD0E14E6-D512-4856-B9CF-4C352B89E88A} = {861CDEE1-261C-409A-8FFC-4EDA5A224561}
		{13629203-B6C9-490C-8593-404BB8E50B67} = {B6A96491-5477-4A11-A982-F94C39315EE9}
		{2667FD6A-8BB3-4098-BF69-37CD1B3C5E9B} = {B6A96491-5477-4A11-A982-F94C39315EE9}
		{5A3B0CB9-BFB7-4EFA-99FB-4C9613218A47} = {2D8CD7F7-734E-4ECE-8DC0-62B6AA25B790}
		{B6A96491-5477-4A11-A982-F94C39315EE9} = {12D5DDFC-1EA7-44A5-AC53-0759DF4CCD05}
		{861CDEE1-261C-409A-8FFC-4EDA5A224561} = {65611A0C-7B62-4BE0-91F9-C7E6E71A9B34}
		{B89A3DC9-84B7-420A-B5F2-E622F4261906} = {B6A96491-5477-4A11-A982-F94C39315EE9}
		{E0EF2732-A144-4686-8477-2CC74EC8A8EB} = {B6A96491-5477-4A11-A982-F94C39315EE9}
	EndGlobalSection
	GlobalSection(ExtensibilityGlobals) = postSolution
		SolutionGuid = {37E57426-47B9-4C9C-838E-5764B743DB5F}
	EndGlobalSection
EndGlobal
